// !$*UTF8*$!
{
	archiveVersion = 1;
	classes = {
	};
	objectVersion = 56;
	objects = {

/* Begin PBXBuildFile section */
		C71DB55429C3C75500DEDAF6 /* TemperatureLineView.swift in Sources */ = {isa = PBXBuildFile; fileRef = C71DB55329C3C75500DEDAF6 /* TemperatureLineView.swift */; };
		C72AC1BD29CC667A0036F46C /* PageViewController.swift in Sources */ = {isa = PBXBuildFile; fileRef = C72AC1BC29CC667A0036F46C /* PageViewController.swift */; };
		C730CA2229D020F700BB494A /* WeatherViewController.swift in Sources */ = {isa = PBXBuildFile; fileRef = C730CA2129D020F700BB494A /* WeatherViewController.swift */; };
		C758BC3F29A7CD2400DCA733 /* CityModel.swift in Sources */ = {isa = PBXBuildFile; fileRef = C758BC3E29A7CD2400DCA733 /* CityModel.swift */; };
		C758BC4129A7CD3D00DCA733 /* WeatherModel.swift in Sources */ = {isa = PBXBuildFile; fileRef = C758BC4029A7CD3D00DCA733 /* WeatherModel.swift */; };
		C758BC4329A80EAF00DCA733 /* AllCityName.swift in Sources */ = {isa = PBXBuildFile; fileRef = C758BC4229A80EAF00DCA733 /* AllCityName.swift */; };
		C75F29D829BDD3E8009D5F23 /* OtherModel.swift in Sources */ = {isa = PBXBuildFile; fileRef = C75F29D729BDD3E8009D5F23 /* OtherModel.swift */; };
		C765B8BD29E53F08002CFF28 /* WindDirectionDrawView.swift in Sources */ = {isa = PBXBuildFile; fileRef = C765B8BC29E53F08002CFF28 /* WindDirectionDrawView.swift */; };
		C77827E029B130E8001C3EFD /* SearchResultTableViewCell.swift in Sources */ = {isa = PBXBuildFile; fileRef = C77827DF29B130E8001C3EFD /* SearchResultTableViewCell.swift */; };
		C7982C4429AA738A002F40D0 /* ListViewController.swift in Sources */ = {isa = PBXBuildFile; fileRef = C7982C4329AA738A002F40D0 /* ListViewController.swift */; };
		C79AADEE29B59E1D009E9F57 /* SearchPinPlacesTableViewCell.swift in Sources */ = {isa = PBXBuildFile; fileRef = C79AADED29B59E1D009E9F57 /* SearchPinPlacesTableViewCell.swift */; };
		C7C85BB129B730CB00D32AF5 /* WeatherDayClimateTableViewCell.swift in Sources */ = {isa = PBXBuildFile; fileRef = C7C85BB029B730CB00D32AF5 /* WeatherDayClimateTableViewCell.swift */; };
		C7C85BB329B7312000D32AF5 /* WeatherDayClimateTableViewHeaderView.swift in Sources */ = {isa = PBXBuildFile; fileRef = C7C85BB229B7312000D32AF5 /* WeatherDayClimateTableViewHeaderView.swift */; };
		C7C85BB529B7352C00D32AF5 /* WeatherHourClimateCollectionViewCell.swift in Sources */ = {isa = PBXBuildFile; fileRef = C7C85BB429B7352C00D32AF5 /* WeatherHourClimateCollectionViewCell.swift */; };
		C7F2CAFB29E2A5330089B0A2 /* UVIndexView.swift in Sources */ = {isa = PBXBuildFile; fileRef = C7F2CAFA29E2A5330089B0A2 /* UVIndexView.swift */; };
		C7F2CAFD29E395010089B0A2 /* WindDirectionView.swift in Sources */ = {isa = PBXBuildFile; fileRef = C7F2CAFC29E395010089B0A2 /* WindDirectionView.swift */; };
		C7F2CAFF29E3959D0089B0A2 /* WeatherDetailGeneralView.swift in Sources */ = {isa = PBXBuildFile; fileRef = C7F2CAFE29E3959D0089B0A2 /* WeatherDetailGeneralView.swift */; };
		C7F8C78929A7284B004FB879 /* AppDelegate.swift in Sources */ = {isa = PBXBuildFile; fileRef = C7F8C78829A7284B004FB879 /* AppDelegate.swift */; };
		C7F8C78B29A7284B004FB879 /* SceneDelegate.swift in Sources */ = {isa = PBXBuildFile; fileRef = C7F8C78A29A7284B004FB879 /* SceneDelegate.swift */; };
		C7F8C79029A7284B004FB879 /* Main.storyboard in Resources */ = {isa = PBXBuildFile; fileRef = C7F8C78E29A7284B004FB879 /* Main.storyboard */; };
		C7F8C79329A7284B004FB879 /* WeatherApp.xcdatamodeld in Sources */ = {isa = PBXBuildFile; fileRef = C7F8C79129A7284B004FB879 /* WeatherApp.xcdatamodeld */; };
		C7F8C79529A7284C004FB879 /* Assets.xcassets in Resources */ = {isa = PBXBuildFile; fileRef = C7F8C79429A7284C004FB879 /* Assets.xcassets */; };
		C7F8C79829A7284C004FB879 /* LaunchScreen.storyboard in Resources */ = {isa = PBXBuildFile; fileRef = C7F8C79629A7284C004FB879 /* LaunchScreen.storyboard */; };
/* End PBXBuildFile section */

/* Begin PBXFileReference section */
		C71DB55329C3C75500DEDAF6 /* TemperatureLineView.swift */ = {isa = PBXFileReference; lastKnownFileType = sourcecode.swift; path = TemperatureLineView.swift; sourceTree = "<group>"; };
		C72AC1BC29CC667A0036F46C /* PageViewController.swift */ = {isa = PBXFileReference; lastKnownFileType = sourcecode.swift; path = PageViewController.swift; sourceTree = "<group>"; };
		C730CA2129D020F700BB494A /* WeatherViewController.swift */ = {isa = PBXFileReference; fileEncoding = 4; lastKnownFileType = sourcecode.swift; path = WeatherViewController.swift; sourceTree = "<group>"; };
		C758BC3E29A7CD2400DCA733 /* CityModel.swift */ = {isa = PBXFileReference; lastKnownFileType = sourcecode.swift; path = CityModel.swift; sourceTree = "<group>"; };
		C758BC4029A7CD3D00DCA733 /* WeatherModel.swift */ = {isa = PBXFileReference; lastKnownFileType = sourcecode.swift; path = WeatherModel.swift; sourceTree = "<group>"; };
		C758BC4229A80EAF00DCA733 /* AllCityName.swift */ = {isa = PBXFileReference; lastKnownFileType = sourcecode.swift; path = AllCityName.swift; sourceTree = "<group>"; };
		C75F29D729BDD3E8009D5F23 /* OtherModel.swift */ = {isa = PBXFileReference; lastKnownFileType = sourcecode.swift; path = OtherModel.swift; sourceTree = "<group>"; };
		C765B8BC29E53F08002CFF28 /* WindDirectionDrawView.swift */ = {isa = PBXFileReference; lastKnownFileType = sourcecode.swift; path = WindDirectionDrawView.swift; sourceTree = "<group>"; };
		C77827DF29B130E8001C3EFD /* SearchResultTableViewCell.swift */ = {isa = PBXFileReference; lastKnownFileType = sourcecode.swift; path = SearchResultTableViewCell.swift; sourceTree = "<group>"; };
		C7982C4329AA738A002F40D0 /* ListViewController.swift */ = {isa = PBXFileReference; lastKnownFileType = sourcecode.swift; path = ListViewController.swift; sourceTree = "<group>"; };
		C79AADED29B59E1D009E9F57 /* SearchPinPlacesTableViewCell.swift */ = {isa = PBXFileReference; lastKnownFileType = sourcecode.swift; path = SearchPinPlacesTableViewCell.swift; sourceTree = "<group>"; };
		C7C85BB029B730CB00D32AF5 /* WeatherDayClimateTableViewCell.swift */ = {isa = PBXFileReference; lastKnownFileType = sourcecode.swift; path = WeatherDayClimateTableViewCell.swift; sourceTree = "<group>"; };
		C7C85BB229B7312000D32AF5 /* WeatherDayClimateTableViewHeaderView.swift */ = {isa = PBXFileReference; lastKnownFileType = sourcecode.swift; path = WeatherDayClimateTableViewHeaderView.swift; sourceTree = "<group>"; };
		C7C85BB429B7352C00D32AF5 /* WeatherHourClimateCollectionViewCell.swift */ = {isa = PBXFileReference; lastKnownFileType = sourcecode.swift; path = WeatherHourClimateCollectionViewCell.swift; sourceTree = "<group>"; };
		C7F2CAFA29E2A5330089B0A2 /* UVIndexView.swift */ = {isa = PBXFileReference; lastKnownFileType = sourcecode.swift; path = UVIndexView.swift; sourceTree = "<group>"; };
		C7F2CAFC29E395010089B0A2 /* WindDirectionView.swift */ = {isa = PBXFileReference; lastKnownFileType = sourcecode.swift; path = WindDirectionView.swift; sourceTree = "<group>"; };
		C7F2CAFE29E3959D0089B0A2 /* WeatherDetailGeneralView.swift */ = {isa = PBXFileReference; lastKnownFileType = sourcecode.swift; path = WeatherDetailGeneralView.swift; sourceTree = "<group>"; };
		C7F8C78529A7284B004FB879 /* WeatherApp.app */ = {isa = PBXFileReference; explicitFileType = wrapper.application; includeInIndex = 0; path = WeatherApp.app; sourceTree = BUILT_PRODUCTS_DIR; };
		C7F8C78829A7284B004FB879 /* AppDelegate.swift */ = {isa = PBXFileReference; lastKnownFileType = sourcecode.swift; path = AppDelegate.swift; sourceTree = "<group>"; };
		C7F8C78A29A7284B004FB879 /* SceneDelegate.swift */ = {isa = PBXFileReference; lastKnownFileType = sourcecode.swift; path = SceneDelegate.swift; sourceTree = "<group>"; };
		C7F8C78F29A7284B004FB879 /* Base */ = {isa = PBXFileReference; lastKnownFileType = file.storyboard; name = Base; path = Base.lproj/Main.storyboard; sourceTree = "<group>"; };
		C7F8C79229A7284B004FB879 /* WeatherApp.xcdatamodel */ = {isa = PBXFileReference; lastKnownFileType = wrapper.xcdatamodel; path = WeatherApp.xcdatamodel; sourceTree = "<group>"; };
		C7F8C79429A7284C004FB879 /* Assets.xcassets */ = {isa = PBXFileReference; lastKnownFileType = folder.assetcatalog; path = Assets.xcassets; sourceTree = "<group>"; };
		C7F8C79729A7284C004FB879 /* Base */ = {isa = PBXFileReference; lastKnownFileType = file.storyboard; name = Base; path = Base.lproj/LaunchScreen.storyboard; sourceTree = "<group>"; };
		C7F8C79929A7284C004FB879 /* Info.plist */ = {isa = PBXFileReference; lastKnownFileType = text.plist.xml; path = Info.plist; sourceTree = "<group>"; };
/* End PBXFileReference section */

/* Begin PBXFrameworksBuildPhase section */
		C7F8C78229A7284B004FB879 /* Frameworks */ = {
			isa = PBXFrameworksBuildPhase;
			buildActionMask = 2147483647;
			files = (
			);
			runOnlyForDeploymentPostprocessing = 0;
		};
/* End PBXFrameworksBuildPhase section */

/* Begin PBXGroup section */
		C7982C4029AA6510002F40D0 /* Models */ = {
			isa = PBXGroup;
			children = (
				C758BC3E29A7CD2400DCA733 /* CityModel.swift */,
				C758BC4229A80EAF00DCA733 /* AllCityName.swift */,
				C758BC4029A7CD3D00DCA733 /* WeatherModel.swift */,
				C75F29D729BDD3E8009D5F23 /* OtherModel.swift */,
			);
			path = Models;
			sourceTree = "<group>";
		};
		C7982C4129AA651A002F40D0 /* Views */ = {
			isa = PBXGroup;
			children = (
				C77827DF29B130E8001C3EFD /* SearchResultTableViewCell.swift */,
				C79AADED29B59E1D009E9F57 /* SearchPinPlacesTableViewCell.swift */,
				C7C85BB029B730CB00D32AF5 /* WeatherDayClimateTableViewCell.swift */,
				C7C85BB229B7312000D32AF5 /* WeatherDayClimateTableViewHeaderView.swift */,
				C7C85BB429B7352C00D32AF5 /* WeatherHourClimateCollectionViewCell.swift */,
				C71DB55329C3C75500DEDAF6 /* TemperatureLineView.swift */,
				C7F2CAFA29E2A5330089B0A2 /* UVIndexView.swift */,
				C7F2CAFC29E395010089B0A2 /* WindDirectionView.swift */,
				C7F2CAFE29E3959D0089B0A2 /* WeatherDetailGeneralView.swift */,
				C765B8BC29E53F08002CFF28 /* WindDirectionDrawView.swift */,
			);
			path = Views;
			sourceTree = "<group>";
		};
		C7982C4229AA6520002F40D0 /* Controllers */ = {
			isa = PBXGroup;
			children = (
				C72AC1BC29CC667A0036F46C /* PageViewController.swift */,
				C730CA2129D020F700BB494A /* WeatherViewController.swift */,
				C7982C4329AA738A002F40D0 /* ListViewController.swift */,
			);
			path = Controllers;
			sourceTree = "<group>";
		};
		C7F8C77C29A7284B004FB879 = {
			isa = PBXGroup;
			children = (
				C7F8C78729A7284B004FB879 /* WeatherApp */,
				C7F8C78629A7284B004FB879 /* Products */,
			);
			sourceTree = "<group>";
		};
		C7F8C78629A7284B004FB879 /* Products */ = {
			isa = PBXGroup;
			children = (
				C7F8C78529A7284B004FB879 /* WeatherApp.app */,
			);
			name = Products;
			sourceTree = "<group>";
		};
		C7F8C78729A7284B004FB879 /* WeatherApp */ = {
			isa = PBXGroup;
			children = (
				C7982C4029AA6510002F40D0 /* Models */,
				C7982C4129AA651A002F40D0 /* Views */,
				C7982C4229AA6520002F40D0 /* Controllers */,
				C7F8C78E29A7284B004FB879 /* Main.storyboard */,
				C7F8C79629A7284C004FB879 /* LaunchScreen.storyboard */,
				C7F8C78829A7284B004FB879 /* AppDelegate.swift */,
				C7F8C78A29A7284B004FB879 /* SceneDelegate.swift */,
				C7F8C79429A7284C004FB879 /* Assets.xcassets */,
				C7F8C79129A7284B004FB879 /* WeatherApp.xcdatamodeld */,
				C7F8C79929A7284C004FB879 /* Info.plist */,
			);
			path = WeatherApp;
			sourceTree = "<group>";
		};
/* End PBXGroup section */

/* Begin PBXNativeTarget section */
		C7F8C78429A7284B004FB879 /* WeatherApp */ = {
			isa = PBXNativeTarget;
			buildConfigurationList = C7F8C79C29A7284C004FB879 /* Build configuration list for PBXNativeTarget "WeatherApp" */;
			buildPhases = (
				C7F8C78129A7284B004FB879 /* Sources */,
				C7F8C78229A7284B004FB879 /* Frameworks */,
				C7F8C78329A7284B004FB879 /* Resources */,
			);
			buildRules = (
			);
			dependencies = (
			);
			name = WeatherApp;
			productName = WeatherApp;
			productReference = C7F8C78529A7284B004FB879 /* WeatherApp.app */;
			productType = "com.apple.product-type.application";
		};
/* End PBXNativeTarget section */

/* Begin PBXProject section */
		C7F8C77D29A7284B004FB879 /* Project object */ = {
			isa = PBXProject;
			attributes = {
				BuildIndependentTargetsInParallel = 1;
				LastSwiftUpdateCheck = 1420;
				LastUpgradeCheck = 1420;
				TargetAttributes = {
					C7F8C78429A7284B004FB879 = {
						CreatedOnToolsVersion = 14.2;
					};
				};
			};
			buildConfigurationList = C7F8C78029A7284B004FB879 /* Build configuration list for PBXProject "WeatherApp" */;
			compatibilityVersion = "Xcode 14.0";
			developmentRegion = en;
			hasScannedForEncodings = 0;
			knownRegions = (
				en,
				Base,
			);
			mainGroup = C7F8C77C29A7284B004FB879;
			productRefGroup = C7F8C78629A7284B004FB879 /* Products */;
			projectDirPath = "";
			projectRoot = "";
			targets = (
				C7F8C78429A7284B004FB879 /* WeatherApp */,
			);
		};
/* End PBXProject section */

/* Begin PBXResourcesBuildPhase section */
		C7F8C78329A7284B004FB879 /* Resources */ = {
			isa = PBXResourcesBuildPhase;
			buildActionMask = 2147483647;
			files = (
				C7F8C79829A7284C004FB879 /* LaunchScreen.storyboard in Resources */,
				C7F8C79529A7284C004FB879 /* Assets.xcassets in Resources */,
				C7F8C79029A7284B004FB879 /* Main.storyboard in Resources */,
			);
			runOnlyForDeploymentPostprocessing = 0;
		};
/* End PBXResourcesBuildPhase section */

/* Begin PBXSourcesBuildPhase section */
		C7F8C78129A7284B004FB879 /* Sources */ = {
			isa = PBXSourcesBuildPhase;
			buildActionMask = 2147483647;
			files = (
				C758BC3F29A7CD2400DCA733 /* CityModel.swift in Sources */,
				C7F8C79329A7284B004FB879 /* WeatherApp.xcdatamodeld in Sources */,
				C7F2CAFD29E395010089B0A2 /* WindDirectionView.swift in Sources */,
				C758BC4329A80EAF00DCA733 /* AllCityName.swift in Sources */,
				C79AADEE29B59E1D009E9F57 /* SearchPinPlacesTableViewCell.swift in Sources */,
				C7982C4429AA738A002F40D0 /* ListViewController.swift in Sources */,
				C730CA2229D020F700BB494A /* WeatherViewController.swift in Sources */,
				C71DB55429C3C75500DEDAF6 /* TemperatureLineView.swift in Sources */,
				C7C85BB529B7352C00D32AF5 /* WeatherHourClimateCollectionViewCell.swift in Sources */,
				C7C85BB329B7312000D32AF5 /* WeatherDayClimateTableViewHeaderView.swift in Sources */,
				C7F8C78929A7284B004FB879 /* AppDelegate.swift in Sources */,
				C758BC4129A7CD3D00DCA733 /* WeatherModel.swift in Sources */,
				C75F29D829BDD3E8009D5F23 /* OtherModel.swift in Sources */,
				C7F2CAFF29E3959D0089B0A2 /* WeatherDetailGeneralView.swift in Sources */,
				C7F8C78B29A7284B004FB879 /* SceneDelegate.swift in Sources */,
				C7F2CAFB29E2A5330089B0A2 /* UVIndexView.swift in Sources */,
				C7C85BB129B730CB00D32AF5 /* WeatherDayClimateTableViewCell.swift in Sources */,
				C77827E029B130E8001C3EFD /* SearchResultTableViewCell.swift in Sources */,
				C765B8BD29E53F08002CFF28 /* WindDirectionDrawView.swift in Sources */,
				C72AC1BD29CC667A0036F46C /* PageViewController.swift in Sources */,
			);
			runOnlyForDeploymentPostprocessing = 0;
		};
/* End PBXSourcesBuildPhase section */

/* Begin PBXVariantGroup section */
		C7F8C78E29A7284B004FB879 /* Main.storyboard */ = {
			isa = PBXVariantGroup;
			children = (
				C7F8C78F29A7284B004FB879 /* Base */,
			);
			name = Main.storyboard;
			sourceTree = "<group>";
		};
		C7F8C79629A7284C004FB879 /* LaunchScreen.storyboard */ = {
			isa = PBXVariantGroup;
			children = (
				C7F8C79729A7284C004FB879 /* Base */,
			);
			name = LaunchScreen.storyboard;
			sourceTree = "<group>";
		};
/* End PBXVariantGroup section */

/* Begin XCBuildConfiguration section */
		C7F8C79A29A7284C004FB879 /* Debug */ = {
			isa = XCBuildConfiguration;
			buildSettings = {
				ALWAYS_SEARCH_USER_PATHS = NO;
				CLANG_ANALYZER_NONNULL = YES;
				CLANG_ANALYZER_NUMBER_OBJECT_CONVERSION = YES_AGGRESSIVE;
				CLANG_CXX_LANGUAGE_STANDARD = "gnu++20";
				CLANG_ENABLE_MODULES = YES;
				CLANG_ENABLE_OBJC_ARC = YES;
				CLANG_ENABLE_OBJC_WEAK = YES;
				CLANG_WARN_BLOCK_CAPTURE_AUTORELEASING = YES;
				CLANG_WARN_BOOL_CONVERSION = YES;
				CLANG_WARN_COMMA = YES;
				CLANG_WARN_CONSTANT_CONVERSION = YES;
				CLANG_WARN_DEPRECATED_OBJC_IMPLEMENTATIONS = YES;
				CLANG_WARN_DIRECT_OBJC_ISA_USAGE = YES_ERROR;
				CLANG_WARN_DOCUMENTATION_COMMENTS = YES;
				CLANG_WARN_EMPTY_BODY = YES;
				CLANG_WARN_ENUM_CONVERSION = YES;
				CLANG_WARN_INFINITE_RECURSION = YES;
				CLANG_WARN_INT_CONVERSION = YES;
				CLANG_WARN_NON_LITERAL_NULL_CONVERSION = YES;
				CLANG_WARN_OBJC_IMPLICIT_RETAIN_SELF = YES;
				CLANG_WARN_OBJC_LITERAL_CONVERSION = YES;
				CLANG_WARN_OBJC_ROOT_CLASS = YES_ERROR;
				CLANG_WARN_QUOTED_INCLUDE_IN_FRAMEWORK_HEADER = YES;
				CLANG_WARN_RANGE_LOOP_ANALYSIS = YES;
				CLANG_WARN_STRICT_PROTOTYPES = YES;
				CLANG_WARN_SUSPICIOUS_MOVE = YES;
				CLANG_WARN_UNGUARDED_AVAILABILITY = YES_AGGRESSIVE;
				CLANG_WARN_UNREACHABLE_CODE = YES;
				CLANG_WARN__DUPLICATE_METHOD_MATCH = YES;
				COPY_PHASE_STRIP = NO;
				DEBUG_INFORMATION_FORMAT = dwarf;
				ENABLE_STRICT_OBJC_MSGSEND = YES;
				ENABLE_TESTABILITY = YES;
				GCC_C_LANGUAGE_STANDARD = gnu11;
				GCC_DYNAMIC_NO_PIC = NO;
				GCC_NO_COMMON_BLOCKS = YES;
				GCC_OPTIMIZATION_LEVEL = 0;
				GCC_PREPROCESSOR_DEFINITIONS = (
					"DEBUG=1",
					"$(inherited)",
				);
				GCC_WARN_64_TO_32_BIT_CONVERSION = YES;
				GCC_WARN_ABOUT_RETURN_TYPE = YES_ERROR;
				GCC_WARN_UNDECLARED_SELECTOR = YES;
				GCC_WARN_UNINITIALIZED_AUTOS = YES_AGGRESSIVE;
				GCC_WARN_UNUSED_FUNCTION = YES;
				GCC_WARN_UNUSED_VARIABLE = YES;
				IPHONEOS_DEPLOYMENT_TARGET = 16.2;
				MTL_ENABLE_DEBUG_INFO = INCLUDE_SOURCE;
				MTL_FAST_MATH = YES;
				ONLY_ACTIVE_ARCH = YES;
				SDKROOT = iphoneos;
				SWIFT_ACTIVE_COMPILATION_CONDITIONS = DEBUG;
				SWIFT_OPTIMIZATION_LEVEL = "-Onone";
			};
			name = Debug;
		};
		C7F8C79B29A7284C004FB879 /* Release */ = {
			isa = XCBuildConfiguration;
			buildSettings = {
				ALWAYS_SEARCH_USER_PATHS = NO;
				CLANG_ANALYZER_NONNULL = YES;
				CLANG_ANALYZER_NUMBER_OBJECT_CONVERSION = YES_AGGRESSIVE;
				CLANG_CXX_LANGUAGE_STANDARD = "gnu++20";
				CLANG_ENABLE_MODULES = YES;
				CLANG_ENABLE_OBJC_ARC = YES;
				CLANG_ENABLE_OBJC_WEAK = YES;
				CLANG_WARN_BLOCK_CAPTURE_AUTORELEASING = YES;
				CLANG_WARN_BOOL_CONVERSION = YES;
				CLANG_WARN_COMMA = YES;
				CLANG_WARN_CONSTANT_CONVERSION = YES;
				CLANG_WARN_DEPRECATED_OBJC_IMPLEMENTATIONS = YES;
				CLANG_WARN_DIRECT_OBJC_ISA_USAGE = YES_ERROR;
				CLANG_WARN_DOCUMENTATION_COMMENTS = YES;
				CLANG_WARN_EMPTY_BODY = YES;
				CLANG_WARN_ENUM_CONVERSION = YES;
				CLANG_WARN_INFINITE_RECURSION = YES;
				CLANG_WARN_INT_CONVERSION = YES;
				CLANG_WARN_NON_LITERAL_NULL_CONVERSION = YES;
				CLANG_WARN_OBJC_IMPLICIT_RETAIN_SELF = YES;
				CLANG_WARN_OBJC_LITERAL_CONVERSION = YES;
				CLANG_WARN_OBJC_ROOT_CLASS = YES_ERROR;
				CLANG_WARN_QUOTED_INCLUDE_IN_FRAMEWORK_HEADER = YES;
				CLANG_WARN_RANGE_LOOP_ANALYSIS = YES;
				CLANG_WARN_STRICT_PROTOTYPES = YES;
				CLANG_WARN_SUSPICIOUS_MOVE = YES;
				CLANG_WARN_UNGUARDED_AVAILABILITY = YES_AGGRESSIVE;
				CLANG_WARN_UNREACHABLE_CODE = YES;
				CLANG_WARN__DUPLICATE_METHOD_MATCH = YES;
				COPY_PHASE_STRIP = NO;
				DEBUG_INFORMATION_FORMAT = "dwarf-with-dsym";
				ENABLE_NS_ASSERTIONS = NO;
				ENABLE_STRICT_OBJC_MSGSEND = YES;
				GCC_C_LANGUAGE_STANDARD = gnu11;
				GCC_NO_COMMON_BLOCKS = YES;
				GCC_WARN_64_TO_32_BIT_CONVERSION = YES;
				GCC_WARN_ABOUT_RETURN_TYPE = YES_ERROR;
				GCC_WARN_UNDECLARED_SELECTOR = YES;
				GCC_WARN_UNINITIALIZED_AUTOS = YES_AGGRESSIVE;
				GCC_WARN_UNUSED_FUNCTION = YES;
				GCC_WARN_UNUSED_VARIABLE = YES;
				IPHONEOS_DEPLOYMENT_TARGET = 16.2;
				MTL_ENABLE_DEBUG_INFO = NO;
				MTL_FAST_MATH = YES;
				SDKROOT = iphoneos;
				SWIFT_COMPILATION_MODE = wholemodule;
				SWIFT_OPTIMIZATION_LEVEL = "-O";
				VALIDATE_PRODUCT = YES;
			};
			name = Release;
		};
		C7F8C79D29A7284C004FB879 /* Debug */ = {
			isa = XCBuildConfiguration;
			buildSettings = {
				ASSETCATALOG_COMPILER_APPICON_NAME = AppIcon;
				ASSETCATALOG_COMPILER_GLOBAL_ACCENT_COLOR_NAME = AccentColor;
				CODE_SIGN_STYLE = Automatic;
				CURRENT_PROJECT_VERSION = 1;
				DEVELOPMENT_TEAM = F26HJJHAUQ;
				GENERATE_INFOPLIST_FILE = YES;
				INFOPLIST_FILE = WeatherApp/Info.plist;
				INFOPLIST_KEY_NSLocationWhenInUseUsageDescription = "";
				INFOPLIST_KEY_UIApplicationSupportsIndirectInputEvents = YES;
				INFOPLIST_KEY_UILaunchStoryboardName = LaunchScreen;
				INFOPLIST_KEY_UIMainStoryboardFile = Main;
				INFOPLIST_KEY_UISupportedInterfaceOrientations = UIInterfaceOrientationPortrait;
				LD_RUNPATH_SEARCH_PATHS = (
					"$(inherited)",
					"@executable_path/Frameworks",
				);
				MARKETING_VERSION = 1.0;
				PRODUCT_BUNDLE_IDENTIFIER = com.uirozwang.WeatherApp;
				PRODUCT_NAME = "$(TARGET_NAME)";
				SWIFT_EMIT_LOC_STRINGS = YES;
				SWIFT_VERSION = 5.0;
				TARGETED_DEVICE_FAMILY = "1,2";
			};
			name = Debug;
		};
		C7F8C79E29A7284C004FB879 /* Release */ = {
			isa = XCBuildConfiguration;
			buildSettings = {
				ASSETCATALOG_COMPILER_APPICON_NAME = AppIcon;
				ASSETCATALOG_COMPILER_GLOBAL_ACCENT_COLOR_NAME = AccentColor;
				CODE_SIGN_STYLE = Automatic;
				CURRENT_PROJECT_VERSION = 1;
				DEVELOPMENT_TEAM = F26HJJHAUQ;
				GENERATE_INFOPLIST_FILE = YES;
				INFOPLIST_FILE = WeatherApp/Info.plist;
				INFOPLIST_KEY_NSLocationWhenInUseUsageDescription = "";
				INFOPLIST_KEY_UIApplicationSupportsIndirectInputEvents = YES;
				INFOPLIST_KEY_UILaunchStoryboardName = LaunchScreen;
				INFOPLIST_KEY_UIMainStoryboardFile = Main;
				INFOPLIST_KEY_UISupportedInterfaceOrientations = UIInterfaceOrientationPortrait;
				LD_RUNPATH_SEARCH_PATHS = (
					"$(inherited)",
					"@executable_path/Frameworks",
				);
				MARKETING_VERSION = 1.0;
				PRODUCT_BUNDLE_IDENTIFIER = com.uirozwang.WeatherApp;
				PRODUCT_NAME = "$(TARGET_NAME)";
				SWIFT_EMIT_LOC_STRINGS = YES;
				SWIFT_VERSION = 5.0;
				TARGETED_DEVICE_FAMILY = "1,2";
			};
			name = Release;
		};
/* End XCBuildConfiguration section */

/* Begin XCConfigurationList section */
		C7F8C78029A7284B004FB879 /* Build configuration list for PBXProject "WeatherApp" */ = {
			isa = XCConfigurationList;
			buildConfigurations = (
				C7F8C79A29A7284C004FB879 /* Debug */,
				C7F8C79B29A7284C004FB879 /* Release */,
			);
			defaultConfigurationIsVisible = 0;
			defaultConfigurationName = Release;
		};
		C7F8C79C29A7284C004FB879 /* Build configuration list for PBXNativeTarget "WeatherApp" */ = {
			isa = XCConfigurationList;
			buildConfigurations = (
				C7F8C79D29A7284C004FB879 /* Debug */,
				C7F8C79E29A7284C004FB879 /* Release */,
			);
			defaultConfigurationIsVisible = 0;
			defaultConfigurationName = Release;
		};
/* End XCConfigurationList section */

/* Begin XCVersionGroup section */
		C7F8C79129A7284B004FB879 /* WeatherApp.xcdatamodeld */ = {
			isa = XCVersionGroup;
			children = (
				C7F8C79229A7284B004FB879 /* WeatherApp.xcdatamodel */,
			);
			currentVersion = C7F8C79229A7284B004FB879 /* WeatherApp.xcdatamodel */;
			path = WeatherApp.xcdatamodeld;
			sourceTree = "<group>";
			versionGroupType = wrapper.xcdatamodel;
		};
/* End XCVersionGroup section */
	};
	rootObject = C7F8C77D29A7284B004FB879 /* Project object */;
}
